// !$*UTF8*$!
{
	archiveVersion = 1;
	classes = {
	};
	objectVersion = 51;
	objects = {

/* Begin PBXBuildFile section */
		171613E822DC01640088C9C9 /* ComposeMessageTextView.swift in Sources */ = {isa = PBXBuildFile; fileRef = 171613E722DC01640088C9C9 /* ComposeMessageTextView.swift */; };
		171F7EFE22D3BE420012210A /* AppDelegate.swift in Sources */ = {isa = PBXBuildFile; fileRef = 171F7EFD22D3BE420012210A /* AppDelegate.swift */; };
		171F7F0322D3BE420012210A /* Main.storyboard in Resources */ = {isa = PBXBuildFile; fileRef = 171F7F0122D3BE420012210A /* Main.storyboard */; };
		171F7F0622D3BE420012210A /* HeyGAMER_Wireframe.xcdatamodeld in Sources */ = {isa = PBXBuildFile; fileRef = 171F7F0422D3BE420012210A /* HeyGAMER_Wireframe.xcdatamodeld */; };
		171F7F0822D3BE430012210A /* Assets.xcassets in Resources */ = {isa = PBXBuildFile; fileRef = 171F7F0722D3BE430012210A /* Assets.xcassets */; };
		171F7F0B22D3BE430012210A /* LaunchScreen.storyboard in Resources */ = {isa = PBXBuildFile; fileRef = 171F7F0922D3BE430012210A /* LaunchScreen.storyboard */; };
		171F7F1322D3C0A70012210A /* UserCollectionViewCell.swift in Sources */ = {isa = PBXBuildFile; fileRef = 171F7F1222D3C0A70012210A /* UserCollectionViewCell.swift */; };
		171F7F1622D3C11A0012210A /* UserListViewController.swift in Sources */ = {isa = PBXBuildFile; fileRef = 171F7F1522D3C11A0012210A /* UserListViewController.swift */; };
		171F7F1922D3D5BC0012210A /* ConversationListViewController.swift in Sources */ = {isa = PBXBuildFile; fileRef = 171F7F1822D3D5BC0012210A /* ConversationListViewController.swift */; };
		171F7F1B22D3D5F70012210A /* ConversationTableViewCell.swift in Sources */ = {isa = PBXBuildFile; fileRef = 171F7F1A22D3D5F70012210A /* ConversationTableViewCell.swift */; };
		171F7F1D22D3E4150012210A /* UserDetailViewController.swift in Sources */ = {isa = PBXBuildFile; fileRef = 171F7F1C22D3E4150012210A /* UserDetailViewController.swift */; };
		171F7F1F22D3E46E0012210A /* UserInfoTableViewCell.swift in Sources */ = {isa = PBXBuildFile; fileRef = 171F7F1E22D3E46E0012210A /* UserInfoTableViewCell.swift */; };
		171F7F2122D3E47B0012210A /* UserBioTableViewCell.swift in Sources */ = {isa = PBXBuildFile; fileRef = 171F7F2022D3E47B0012210A /* UserBioTableViewCell.swift */; };
		17228DB822D525E900A9D4D2 /* GoogleService-Info.plist in Resources */ = {isa = PBXBuildFile; fileRef = 17228DB722D525E900A9D4D2 /* GoogleService-Info.plist */; };
		17228DBA22D526BA00A9D4D2 /* FirebaseReferenceManager.swift in Sources */ = {isa = PBXBuildFile; fileRef = 17228DB922D526BA00A9D4D2 /* FirebaseReferenceManager.swift */; };
		17228DBD22D5280800A9D4D2 /* FirebaseService.swift in Sources */ = {isa = PBXBuildFile; fileRef = 17228DBC22D5280800A9D4D2 /* FirebaseService.swift */; };
		17228DC022D529D200A9D4D2 /* User.swift in Sources */ = {isa = PBXBuildFile; fileRef = 17228DBF22D529D200A9D4D2 /* User.swift */; };
		17228DC222D529DF00A9D4D2 /* Conversation.swift in Sources */ = {isa = PBXBuildFile; fileRef = 17228DC122D529DF00A9D4D2 /* Conversation.swift */; };
		17228DC422D529ED00A9D4D2 /* Message.swift in Sources */ = {isa = PBXBuildFile; fileRef = 17228DC322D529ED00A9D4D2 /* Message.swift */; };
		17228DC622D529FB00A9D4D2 /* Event.swift in Sources */ = {isa = PBXBuildFile; fileRef = 17228DC522D529FB00A9D4D2 /* Event.swift */; };
		17228DC822D52A5C00A9D4D2 /* UserController.swift in Sources */ = {isa = PBXBuildFile; fileRef = 17228DC722D52A5C00A9D4D2 /* UserController.swift */; };
		17228DCB22D52A6D00A9D4D2 /* MessageController.swift in Sources */ = {isa = PBXBuildFile; fileRef = 17228DCA22D52A6D00A9D4D2 /* MessageController.swift */; };
		17228DCD22D52A7700A9D4D2 /* ConversationController.swift in Sources */ = {isa = PBXBuildFile; fileRef = 17228DCC22D52A7700A9D4D2 /* ConversationController.swift */; };
		17228DCF22D52A8100A9D4D2 /* EventController.swift in Sources */ = {isa = PBXBuildFile; fileRef = 17228DCE22D52A8100A9D4D2 /* EventController.swift */; };
		17228DD122D53A4A00A9D4D2 /* LoginViewController.swift in Sources */ = {isa = PBXBuildFile; fileRef = 17228DD022D53A4A00A9D4D2 /* LoginViewController.swift */; };
		17228DD322D53B6B00A9D4D2 /* InitialFetchViewController.swift in Sources */ = {isa = PBXBuildFile; fileRef = 17228DD222D53B6B00A9D4D2 /* InitialFetchViewController.swift */; };
		17228DD522D543B400A9D4D2 /* SignUpViewController.swift in Sources */ = {isa = PBXBuildFile; fileRef = 17228DD422D543B400A9D4D2 /* SignUpViewController.swift */; };
		173B063D22DCEA7000147244 /* EditProfileViewController.swift in Sources */ = {isa = PBXBuildFile; fileRef = 173B063C22DCEA7000147244 /* EditProfileViewController.swift */; };
		173B063F22DD23A400147244 /* ImagePicker.swift in Sources */ = {isa = PBXBuildFile; fileRef = 173B063E22DD23A400147244 /* ImagePicker.swift */; };
		176749A022D661130031C29A /* ConversationViewController.swift in Sources */ = {isa = PBXBuildFile; fileRef = 1767499F22D661130031C29A /* ConversationViewController.swift */; };
		9A4D00AE5C20F03EF7E4ECC2 /* Pods_HeyGAMER.framework in Frameworks */ = {isa = PBXBuildFile; fileRef = 6283FE23C0F58E14034A67B0 /* Pods_HeyGAMER.framework */; };
/* End PBXBuildFile section */

/* Begin PBXFileReference section */
		171613E722DC01640088C9C9 /* ComposeMessageTextView.swift */ = {isa = PBXFileReference; lastKnownFileType = sourcecode.swift; path = ComposeMessageTextView.swift; sourceTree = "<group>"; };
		171F7EFA22D3BE420012210A /* HeyGAMER.app */ = {isa = PBXFileReference; explicitFileType = wrapper.application; includeInIndex = 0; path = HeyGAMER.app; sourceTree = BUILT_PRODUCTS_DIR; };
		171F7EFD22D3BE420012210A /* AppDelegate.swift */ = {isa = PBXFileReference; lastKnownFileType = sourcecode.swift; path = AppDelegate.swift; sourceTree = "<group>"; };
		171F7F0222D3BE420012210A /* Base */ = {isa = PBXFileReference; lastKnownFileType = file.storyboard; name = Base; path = Base.lproj/Main.storyboard; sourceTree = "<group>"; };
		171F7F0522D3BE420012210A /* HeyGAMER_Wireframe.xcdatamodel */ = {isa = PBXFileReference; lastKnownFileType = wrapper.xcdatamodel; path = HeyGAMER_Wireframe.xcdatamodel; sourceTree = "<group>"; };
		171F7F0722D3BE430012210A /* Assets.xcassets */ = {isa = PBXFileReference; lastKnownFileType = folder.assetcatalog; path = Assets.xcassets; sourceTree = "<group>"; };
		171F7F0A22D3BE430012210A /* Base */ = {isa = PBXFileReference; lastKnownFileType = file.storyboard; name = Base; path = Base.lproj/LaunchScreen.storyboard; sourceTree = "<group>"; };
		171F7F0C22D3BE430012210A /* Info.plist */ = {isa = PBXFileReference; lastKnownFileType = text.plist.xml; path = Info.plist; sourceTree = "<group>"; };
		171F7F1222D3C0A70012210A /* UserCollectionViewCell.swift */ = {isa = PBXFileReference; lastKnownFileType = sourcecode.swift; path = UserCollectionViewCell.swift; sourceTree = "<group>"; };
		171F7F1522D3C11A0012210A /* UserListViewController.swift */ = {isa = PBXFileReference; lastKnownFileType = sourcecode.swift; path = UserListViewController.swift; sourceTree = "<group>"; };
		171F7F1822D3D5BC0012210A /* ConversationListViewController.swift */ = {isa = PBXFileReference; lastKnownFileType = sourcecode.swift; path = ConversationListViewController.swift; sourceTree = "<group>"; };
		171F7F1A22D3D5F70012210A /* ConversationTableViewCell.swift */ = {isa = PBXFileReference; lastKnownFileType = sourcecode.swift; path = ConversationTableViewCell.swift; sourceTree = "<group>"; };
		171F7F1C22D3E4150012210A /* UserDetailViewController.swift */ = {isa = PBXFileReference; lastKnownFileType = sourcecode.swift; path = UserDetailViewController.swift; sourceTree = "<group>"; };
		171F7F1E22D3E46E0012210A /* UserInfoTableViewCell.swift */ = {isa = PBXFileReference; lastKnownFileType = sourcecode.swift; path = UserInfoTableViewCell.swift; sourceTree = "<group>"; };
		171F7F2022D3E47B0012210A /* UserBioTableViewCell.swift */ = {isa = PBXFileReference; lastKnownFileType = sourcecode.swift; path = UserBioTableViewCell.swift; sourceTree = "<group>"; };
		17228DB722D525E900A9D4D2 /* GoogleService-Info.plist */ = {isa = PBXFileReference; fileEncoding = 4; lastKnownFileType = text.plist.xml; path = "GoogleService-Info.plist"; sourceTree = "<group>"; };
		17228DB922D526BA00A9D4D2 /* FirebaseReferenceManager.swift */ = {isa = PBXFileReference; lastKnownFileType = sourcecode.swift; path = FirebaseReferenceManager.swift; sourceTree = "<group>"; };
		17228DBC22D5280800A9D4D2 /* FirebaseService.swift */ = {isa = PBXFileReference; lastKnownFileType = sourcecode.swift; path = FirebaseService.swift; sourceTree = "<group>"; };
		17228DBF22D529D200A9D4D2 /* User.swift */ = {isa = PBXFileReference; lastKnownFileType = sourcecode.swift; path = User.swift; sourceTree = "<group>"; };
		17228DC122D529DF00A9D4D2 /* Conversation.swift */ = {isa = PBXFileReference; lastKnownFileType = sourcecode.swift; path = Conversation.swift; sourceTree = "<group>"; };
		17228DC322D529ED00A9D4D2 /* Message.swift */ = {isa = PBXFileReference; lastKnownFileType = sourcecode.swift; path = Message.swift; sourceTree = "<group>"; };
		17228DC522D529FB00A9D4D2 /* Event.swift */ = {isa = PBXFileReference; lastKnownFileType = sourcecode.swift; path = Event.swift; sourceTree = "<group>"; };
		17228DC722D52A5C00A9D4D2 /* UserController.swift */ = {isa = PBXFileReference; lastKnownFileType = sourcecode.swift; path = UserController.swift; sourceTree = "<group>"; };
		17228DCA22D52A6D00A9D4D2 /* MessageController.swift */ = {isa = PBXFileReference; lastKnownFileType = sourcecode.swift; path = MessageController.swift; sourceTree = "<group>"; };
		17228DCC22D52A7700A9D4D2 /* ConversationController.swift */ = {isa = PBXFileReference; lastKnownFileType = sourcecode.swift; path = ConversationController.swift; sourceTree = "<group>"; };
		17228DCE22D52A8100A9D4D2 /* EventController.swift */ = {isa = PBXFileReference; lastKnownFileType = sourcecode.swift; path = EventController.swift; sourceTree = "<group>"; };
		17228DD022D53A4A00A9D4D2 /* LoginViewController.swift */ = {isa = PBXFileReference; lastKnownFileType = sourcecode.swift; path = LoginViewController.swift; sourceTree = "<group>"; };
		17228DD222D53B6B00A9D4D2 /* InitialFetchViewController.swift */ = {isa = PBXFileReference; lastKnownFileType = sourcecode.swift; path = InitialFetchViewController.swift; sourceTree = "<group>"; };
		17228DD422D543B400A9D4D2 /* SignUpViewController.swift */ = {isa = PBXFileReference; lastKnownFileType = sourcecode.swift; path = SignUpViewController.swift; sourceTree = "<group>"; };
		173B063C22DCEA7000147244 /* EditProfileViewController.swift */ = {isa = PBXFileReference; lastKnownFileType = sourcecode.swift; path = EditProfileViewController.swift; sourceTree = "<group>"; };
		173B063E22DD23A400147244 /* ImagePicker.swift */ = {isa = PBXFileReference; lastKnownFileType = sourcecode.swift; path = ImagePicker.swift; sourceTree = "<group>"; };
		1767499F22D661130031C29A /* ConversationViewController.swift */ = {isa = PBXFileReference; lastKnownFileType = sourcecode.swift; path = ConversationViewController.swift; sourceTree = "<group>"; };
		362E1679E1F03EBED8735052 /* Pods-HeyGAMER.release.xcconfig */ = {isa = PBXFileReference; includeInIndex = 1; lastKnownFileType = text.xcconfig; name = "Pods-HeyGAMER.release.xcconfig"; path = "Target Support Files/Pods-HeyGAMER/Pods-HeyGAMER.release.xcconfig"; sourceTree = "<group>"; };
		6283FE23C0F58E14034A67B0 /* Pods_HeyGAMER.framework */ = {isa = PBXFileReference; explicitFileType = wrapper.framework; includeInIndex = 0; path = Pods_HeyGAMER.framework; sourceTree = BUILT_PRODUCTS_DIR; };
		7195809B4CA86434B866A8ED /* Pods-HeyGAMER.debug.xcconfig */ = {isa = PBXFileReference; includeInIndex = 1; lastKnownFileType = text.xcconfig; name = "Pods-HeyGAMER.debug.xcconfig"; path = "Target Support Files/Pods-HeyGAMER/Pods-HeyGAMER.debug.xcconfig"; sourceTree = "<group>"; };
		F03525E219F480A91613D7EB /* Pods-HeyGAMER Wireframe.release.xcconfig */ = {isa = PBXFileReference; includeInIndex = 1; lastKnownFileType = text.xcconfig; name = "Pods-HeyGAMER Wireframe.release.xcconfig"; path = "Target Support Files/Pods-HeyGAMER Wireframe/Pods-HeyGAMER Wireframe.release.xcconfig"; sourceTree = "<group>"; };
		F688D78FE41A1F86FCBA77C7 /* Pods-HeyGAMER Wireframe.debug.xcconfig */ = {isa = PBXFileReference; includeInIndex = 1; lastKnownFileType = text.xcconfig; name = "Pods-HeyGAMER Wireframe.debug.xcconfig"; path = "Target Support Files/Pods-HeyGAMER Wireframe/Pods-HeyGAMER Wireframe.debug.xcconfig"; sourceTree = "<group>"; };
/* End PBXFileReference section */

/* Begin PBXFrameworksBuildPhase section */
		171F7EF722D3BE420012210A /* Frameworks */ = {
			isa = PBXFrameworksBuildPhase;
			buildActionMask = 2147483647;
			files = (
				9A4D00AE5C20F03EF7E4ECC2 /* Pods_HeyGAMER.framework in Frameworks */,
			);
			runOnlyForDeploymentPostprocessing = 0;
		};
/* End PBXFrameworksBuildPhase section */

/* Begin PBXGroup section */
		171F7EF122D3BE420012210A = {
			isa = PBXGroup;
			children = (
				171F7EFC22D3BE420012210A /* HeyGAMER Wireframe */,
				171F7EFB22D3BE420012210A /* Products */,
				44B663E41678A1FC3C4DBF73 /* Pods */,
				2AAE3763CB6EC8E37CD3B43D /* Frameworks */,
			);
			sourceTree = "<group>";
		};
		171F7EFB22D3BE420012210A /* Products */ = {
			isa = PBXGroup;
			children = (
				171F7EFA22D3BE420012210A /* HeyGAMER.app */,
			);
			name = Products;
			sourceTree = "<group>";
		};
		171F7EFC22D3BE420012210A /* HeyGAMER Wireframe */ = {
			isa = PBXGroup;
			children = (
				171F7EFD22D3BE420012210A /* AppDelegate.swift */,
				171F7F0122D3BE420012210A /* Main.storyboard */,
				17228DBB22D527F800A9D4D2 /* Models */,
				17228DC922D52A6000A9D4D2 /* Model Controllers */,
				17228DBE22D5280B00A9D4D2 /* Network Services */,
				171F7F1422D3C0AC0012210A /* Custom Views */,
				171F7F1722D3C2960012210A /* View Controllers */,
				171F7F0722D3BE430012210A /* Assets.xcassets */,
				171F7F0922D3BE430012210A /* LaunchScreen.storyboard */,
				171F7F0C22D3BE430012210A /* Info.plist */,
				17228DB722D525E900A9D4D2 /* GoogleService-Info.plist */,
				171F7F0422D3BE420012210A /* HeyGAMER_Wireframe.xcdatamodeld */,
			);
			path = "HeyGAMER Wireframe";
			sourceTree = "<group>";
		};
		171F7F1422D3C0AC0012210A /* Custom Views */ = {
			isa = PBXGroup;
			children = (
				171F7F1222D3C0A70012210A /* UserCollectionViewCell.swift */,
				173B063E22DD23A400147244 /* ImagePicker.swift */,
				171613E722DC01640088C9C9 /* ComposeMessageTextView.swift */,
				171F7F1A22D3D5F70012210A /* ConversationTableViewCell.swift */,
				171F7F1E22D3E46E0012210A /* UserInfoTableViewCell.swift */,
				171F7F2022D3E47B0012210A /* UserBioTableViewCell.swift */,
			);
			path = "Custom Views";
			sourceTree = "<group>";
		};
		171F7F1722D3C2960012210A /* View Controllers */ = {
			isa = PBXGroup;
			children = (
				171F7F1522D3C11A0012210A /* UserListViewController.swift */,
				173B063C22DCEA7000147244 /* EditProfileViewController.swift */,
				17228DD422D543B400A9D4D2 /* SignUpViewController.swift */,
				17228DD222D53B6B00A9D4D2 /* InitialFetchViewController.swift */,
				17228DD022D53A4A00A9D4D2 /* LoginViewController.swift */,
				171F7F1C22D3E4150012210A /* UserDetailViewController.swift */,
				171F7F1822D3D5BC0012210A /* ConversationListViewController.swift */,
				1767499F22D661130031C29A /* ConversationViewController.swift */,
			);
			path = "View Controllers";
			sourceTree = "<group>";
		};
		17228DBB22D527F800A9D4D2 /* Models */ = {
			isa = PBXGroup;
			children = (
				17228DB922D526BA00A9D4D2 /* FirebaseReferenceManager.swift */,
				17228DBF22D529D200A9D4D2 /* User.swift */,
				17228DC122D529DF00A9D4D2 /* Conversation.swift */,
				17228DC322D529ED00A9D4D2 /* Message.swift */,
				17228DC522D529FB00A9D4D2 /* Event.swift */,
			);
			path = Models;
			sourceTree = "<group>";
		};
		17228DBE22D5280B00A9D4D2 /* Network Services */ = {
			isa = PBXGroup;
			children = (
				17228DBC22D5280800A9D4D2 /* FirebaseService.swift */,
			);
			path = "Network Services";
			sourceTree = "<group>";
		};
		17228DC922D52A6000A9D4D2 /* Model Controllers */ = {
			isa = PBXGroup;
			children = (
				17228DC722D52A5C00A9D4D2 /* UserController.swift */,
				17228DCA22D52A6D00A9D4D2 /* MessageController.swift */,
				17228DCC22D52A7700A9D4D2 /* ConversationController.swift */,
				17228DCE22D52A8100A9D4D2 /* EventController.swift */,
			);
			path = "Model Controllers";
			sourceTree = "<group>";
		};
		2AAE3763CB6EC8E37CD3B43D /* Frameworks */ = {
			isa = PBXGroup;
			children = (
				6283FE23C0F58E14034A67B0 /* Pods_HeyGAMER.framework */,
			);
			name = Frameworks;
			sourceTree = "<group>";
		};
		44B663E41678A1FC3C4DBF73 /* Pods */ = {
			isa = PBXGroup;
			children = (
				F688D78FE41A1F86FCBA77C7 /* Pods-HeyGAMER Wireframe.debug.xcconfig */,
				F03525E219F480A91613D7EB /* Pods-HeyGAMER Wireframe.release.xcconfig */,
				7195809B4CA86434B866A8ED /* Pods-HeyGAMER.debug.xcconfig */,
				362E1679E1F03EBED8735052 /* Pods-HeyGAMER.release.xcconfig */,
			);
			path = Pods;
			sourceTree = "<group>";
		};
/* End PBXGroup section */

/* Begin PBXNativeTarget section */
		171F7EF922D3BE420012210A /* HeyGAMER */ = {
			isa = PBXNativeTarget;
			buildConfigurationList = 171F7F0F22D3BE430012210A /* Build configuration list for PBXNativeTarget "HeyGAMER" */;
			buildPhases = (
				9C15A3EDD0BD0BD02BDFFD62 /* [CP] Check Pods Manifest.lock */,
				171F7EF622D3BE420012210A /* Sources */,
				171F7EF722D3BE420012210A /* Frameworks */,
				171F7EF822D3BE420012210A /* Resources */,
				C51EDF066791A02654B1C449 /* [CP] Embed Pods Frameworks */,
			);
			buildRules = (
			);
			dependencies = (
			);
			name = HeyGAMER;
			productName = "HeyGAMER Wireframe";
			productReference = 171F7EFA22D3BE420012210A /* HeyGAMER.app */;
			productType = "com.apple.product-type.application";
		};
/* End PBXNativeTarget section */

/* Begin PBXProject section */
		171F7EF222D3BE420012210A /* Project object */ = {
			isa = PBXProject;
			attributes = {
				LastSwiftUpdateCheck = 1020;
				LastUpgradeCheck = 1020;
				ORGANIZATIONNAME = HaleyJones;
				TargetAttributes = {
					171F7EF922D3BE420012210A = {
						CreatedOnToolsVersion = 10.2.1;
					};
				};
			};
			buildConfigurationList = 171F7EF522D3BE420012210A /* Build configuration list for PBXProject "HeyGAMER" */;
			compatibilityVersion = "Xcode 9.3";
			developmentRegion = en;
			hasScannedForEncodings = 0;
			knownRegions = (
				en,
				Base,
			);
			mainGroup = 171F7EF122D3BE420012210A;
			productRefGroup = 171F7EFB22D3BE420012210A /* Products */;
			projectDirPath = "";
			projectRoot = "";
			targets = (
				171F7EF922D3BE420012210A /* HeyGAMER */,
			);
		};
/* End PBXProject section */

/* Begin PBXResourcesBuildPhase section */
		171F7EF822D3BE420012210A /* Resources */ = {
			isa = PBXResourcesBuildPhase;
			buildActionMask = 2147483647;
			files = (
				171F7F0B22D3BE430012210A /* LaunchScreen.storyboard in Resources */,
				17228DB822D525E900A9D4D2 /* GoogleService-Info.plist in Resources */,
				171F7F0822D3BE430012210A /* Assets.xcassets in Resources */,
				171F7F0322D3BE420012210A /* Main.storyboard in Resources */,
			);
			runOnlyForDeploymentPostprocessing = 0;
		};
/* End PBXResourcesBuildPhase section */

/* Begin PBXShellScriptBuildPhase section */
		9C15A3EDD0BD0BD02BDFFD62 /* [CP] Check Pods Manifest.lock */ = {
			isa = PBXShellScriptBuildPhase;
			buildActionMask = 2147483647;
			files = (
			);
			inputFileListPaths = (
			);
			inputPaths = (
				"${PODS_PODFILE_DIR_PATH}/Podfile.lock",
				"${PODS_ROOT}/Manifest.lock",
			);
			name = "[CP] Check Pods Manifest.lock";
			outputFileListPaths = (
			);
			outputPaths = (
				"$(DERIVED_FILE_DIR)/Pods-HeyGAMER-checkManifestLockResult.txt",
			);
			runOnlyForDeploymentPostprocessing = 0;
			shellPath = /bin/sh;
			shellScript = "diff \"${PODS_PODFILE_DIR_PATH}/Podfile.lock\" \"${PODS_ROOT}/Manifest.lock\" > /dev/null\nif [ $? != 0 ] ; then\n    # print error to STDERR\n    echo \"error: The sandbox is not in sync with the Podfile.lock. Run 'pod install' or update your CocoaPods installation.\" >&2\n    exit 1\nfi\n# This output is used by Xcode 'outputs' to avoid re-running this script phase.\necho \"SUCCESS\" > \"${SCRIPT_OUTPUT_FILE_0}\"\n";
			showEnvVarsInLog = 0;
		};
		C51EDF066791A02654B1C449 /* [CP] Embed Pods Frameworks */ = {
			isa = PBXShellScriptBuildPhase;
			buildActionMask = 2147483647;
			files = (
			);
			inputFileListPaths = (
				"${PODS_ROOT}/Target Support Files/Pods-HeyGAMER/Pods-HeyGAMER-frameworks-${CONFIGURATION}-input-files.xcfilelist",
			);
			name = "[CP] Embed Pods Frameworks";
			outputFileListPaths = (
				"${PODS_ROOT}/Target Support Files/Pods-HeyGAMER/Pods-HeyGAMER-frameworks-${CONFIGURATION}-output-files.xcfilelist",
			);
			runOnlyForDeploymentPostprocessing = 0;
			shellPath = /bin/sh;
			shellScript = "\"${PODS_ROOT}/Target Support Files/Pods-HeyGAMER/Pods-HeyGAMER-frameworks.sh\"\n";
			showEnvVarsInLog = 0;
		};
/* End PBXShellScriptBuildPhase section */

/* Begin PBXSourcesBuildPhase section */
		171F7EF622D3BE420012210A /* Sources */ = {
			isa = PBXSourcesBuildPhase;
			buildActionMask = 2147483647;
			files = (
				17228DD522D543B400A9D4D2 /* SignUpViewController.swift in Sources */,
				17228DC022D529D200A9D4D2 /* User.swift in Sources */,
				171613E822DC01640088C9C9 /* ComposeMessageTextView.swift in Sources */,
				171F7F1622D3C11A0012210A /* UserListViewController.swift in Sources */,
				17228DC822D52A5C00A9D4D2 /* UserController.swift in Sources */,
				171F7F0622D3BE420012210A /* HeyGAMER_Wireframe.xcdatamodeld in Sources */,
				17228DCB22D52A6D00A9D4D2 /* MessageController.swift in Sources */,
				171F7F1D22D3E4150012210A /* UserDetailViewController.swift in Sources */,
				17228DC222D529DF00A9D4D2 /* Conversation.swift in Sources */,
				17228DBA22D526BA00A9D4D2 /* FirebaseReferenceManager.swift in Sources */,
				17228DD122D53A4A00A9D4D2 /* LoginViewController.swift in Sources */,
				171F7F2122D3E47B0012210A /* UserBioTableViewCell.swift in Sources */,
				17228DD322D53B6B00A9D4D2 /* InitialFetchViewController.swift in Sources */,
				173B063F22DD23A400147244 /* ImagePicker.swift in Sources */,
				171F7F1F22D3E46E0012210A /* UserInfoTableViewCell.swift in Sources */,
				17228DCD22D52A7700A9D4D2 /* ConversationController.swift in Sources */,
				17228DC622D529FB00A9D4D2 /* Event.swift in Sources */,
				171F7F1322D3C0A70012210A /* UserCollectionViewCell.swift in Sources */,
				171F7F1B22D3D5F70012210A /* ConversationTableViewCell.swift in Sources */,
				171F7F1922D3D5BC0012210A /* ConversationListViewController.swift in Sources */,
				17228DC422D529ED00A9D4D2 /* Message.swift in Sources */,
				17228DBD22D5280800A9D4D2 /* FirebaseService.swift in Sources */,
				17228DCF22D52A8100A9D4D2 /* EventController.swift in Sources */,
				171F7EFE22D3BE420012210A /* AppDelegate.swift in Sources */,
				173B063D22DCEA7000147244 /* EditProfileViewController.swift in Sources */,
				176749A022D661130031C29A /* ConversationViewController.swift in Sources */,
			);
			runOnlyForDeploymentPostprocessing = 0;
		};
/* End PBXSourcesBuildPhase section */

/* Begin PBXVariantGroup section */
		171F7F0122D3BE420012210A /* Main.storyboard */ = {
			isa = PBXVariantGroup;
			children = (
				171F7F0222D3BE420012210A /* Base */,
			);
			name = Main.storyboard;
			sourceTree = "<group>";
		};
		171F7F0922D3BE430012210A /* LaunchScreen.storyboard */ = {
			isa = PBXVariantGroup;
			children = (
				171F7F0A22D3BE430012210A /* Base */,
			);
			name = LaunchScreen.storyboard;
			sourceTree = "<group>";
		};
/* End PBXVariantGroup section */

/* Begin XCBuildConfiguration section */
		171F7F0D22D3BE430012210A /* Debug */ = {
			isa = XCBuildConfiguration;
			buildSettings = {
				ALWAYS_SEARCH_USER_PATHS = NO;
				CLANG_ANALYZER_NONNULL = YES;
				CLANG_ANALYZER_NUMBER_OBJECT_CONVERSION = YES_AGGRESSIVE;
				CLANG_CXX_LANGUAGE_STANDARD = "gnu++14";
				CLANG_CXX_LIBRARY = "libc++";
				CLANG_ENABLE_MODULES = YES;
				CLANG_ENABLE_OBJC_ARC = YES;
				CLANG_ENABLE_OBJC_WEAK = YES;
				CLANG_WARN_BLOCK_CAPTURE_AUTORELEASING = YES;
				CLANG_WARN_BOOL_CONVERSION = YES;
				CLANG_WARN_COMMA = YES;
				CLANG_WARN_CONSTANT_CONVERSION = YES;
				CLANG_WARN_DEPRECATED_OBJC_IMPLEMENTATIONS = YES;
				CLANG_WARN_DIRECT_OBJC_ISA_USAGE = YES_ERROR;
				CLANG_WARN_DOCUMENTATION_COMMENTS = YES;
				CLANG_WARN_EMPTY_BODY = YES;
				CLANG_WARN_ENUM_CONVERSION = YES;
				CLANG_WARN_INFINITE_RECURSION = YES;
				CLANG_WARN_INT_CONVERSION = YES;
				CLANG_WARN_NON_LITERAL_NULL_CONVERSION = YES;
				CLANG_WARN_OBJC_IMPLICIT_RETAIN_SELF = YES;
				CLANG_WARN_OBJC_LITERAL_CONVERSION = YES;
				CLANG_WARN_OBJC_ROOT_CLASS = YES_ERROR;
				CLANG_WARN_RANGE_LOOP_ANALYSIS = YES;
				CLANG_WARN_STRICT_PROTOTYPES = YES;
				CLANG_WARN_SUSPICIOUS_MOVE = YES;
				CLANG_WARN_UNGUARDED_AVAILABILITY = YES_AGGRESSIVE;
				CLANG_WARN_UNREACHABLE_CODE = YES;
				CLANG_WARN__DUPLICATE_METHOD_MATCH = YES;
				CODE_SIGN_IDENTITY = "iPhone Developer";
				COPY_PHASE_STRIP = NO;
				DEBUG_INFORMATION_FORMAT = dwarf;
				ENABLE_STRICT_OBJC_MSGSEND = YES;
				ENABLE_TESTABILITY = YES;
				GCC_C_LANGUAGE_STANDARD = gnu11;
				GCC_DYNAMIC_NO_PIC = NO;
				GCC_NO_COMMON_BLOCKS = YES;
				GCC_OPTIMIZATION_LEVEL = 0;
				GCC_PREPROCESSOR_DEFINITIONS = (
					"DEBUG=1",
					"$(inherited)",
				);
				GCC_WARN_64_TO_32_BIT_CONVERSION = YES;
				GCC_WARN_ABOUT_RETURN_TYPE = YES_ERROR;
				GCC_WARN_UNDECLARED_SELECTOR = YES;
				GCC_WARN_UNINITIALIZED_AUTOS = YES_AGGRESSIVE;
				GCC_WARN_UNUSED_FUNCTION = YES;
				GCC_WARN_UNUSED_VARIABLE = YES;
				IPHONEOS_DEPLOYMENT_TARGET = 12.2;
				MTL_ENABLE_DEBUG_INFO = INCLUDE_SOURCE;
				MTL_FAST_MATH = YES;
				ONLY_ACTIVE_ARCH = YES;
				SDKROOT = iphoneos;
				SWIFT_ACTIVE_COMPILATION_CONDITIONS = DEBUG;
				SWIFT_OPTIMIZATION_LEVEL = "-Onone";
			};
			name = Debug;
		};
		171F7F0E22D3BE430012210A /* Release */ = {
			isa = XCBuildConfiguration;
			buildSettings = {
				ALWAYS_SEARCH_USER_PATHS = NO;
				CLANG_ANALYZER_NONNULL = YES;
				CLANG_ANALYZER_NUMBER_OBJECT_CONVERSION = YES_AGGRESSIVE;
				CLANG_CXX_LANGUAGE_STANDARD = "gnu++14";
				CLANG_CXX_LIBRARY = "libc++";
				CLANG_ENABLE_MODULES = YES;
				CLANG_ENABLE_OBJC_ARC = YES;
				CLANG_ENABLE_OBJC_WEAK = YES;
				CLANG_WARN_BLOCK_CAPTURE_AUTORELEASING = YES;
				CLANG_WARN_BOOL_CONVERSION = YES;
				CLANG_WARN_COMMA = YES;
				CLANG_WARN_CONSTANT_CONVERSION = YES;
				CLANG_WARN_DEPRECATED_OBJC_IMPLEMENTATIONS = YES;
				CLANG_WARN_DIRECT_OBJC_ISA_USAGE = YES_ERROR;
				CLANG_WARN_DOCUMENTATION_COMMENTS = YES;
				CLANG_WARN_EMPTY_BODY = YES;
				CLANG_WARN_ENUM_CONVERSION = YES;
				CLANG_WARN_INFINITE_RECURSION = YES;
				CLANG_WARN_INT_CONVERSION = YES;
				CLANG_WARN_NON_LITERAL_NULL_CONVERSION = YES;
				CLANG_WARN_OBJC_IMPLICIT_RETAIN_SELF = YES;
				CLANG_WARN_OBJC_LITERAL_CONVERSION = YES;
				CLANG_WARN_OBJC_ROOT_CLASS = YES_ERROR;
				CLANG_WARN_RANGE_LOOP_ANALYSIS = YES;
				CLANG_WARN_STRICT_PROTOTYPES = YES;
				CLANG_WARN_SUSPICIOUS_MOVE = YES;
				CLANG_WARN_UNGUARDED_AVAILABILITY = YES_AGGRESSIVE;
				CLANG_WARN_UNREACHABLE_CODE = YES;
				CLANG_WARN__DUPLICATE_METHOD_MATCH = YES;
				CODE_SIGN_IDENTITY = "iPhone Developer";
				COPY_PHASE_STRIP = NO;
				DEBUG_INFORMATION_FORMAT = "dwarf-with-dsym";
				ENABLE_NS_ASSERTIONS = NO;
				ENABLE_STRICT_OBJC_MSGSEND = YES;
				GCC_C_LANGUAGE_STANDARD = gnu11;
				GCC_NO_COMMON_BLOCKS = YES;
				GCC_WARN_64_TO_32_BIT_CONVERSION = YES;
				GCC_WARN_ABOUT_RETURN_TYPE = YES_ERROR;
				GCC_WARN_UNDECLARED_SELECTOR = YES;
				GCC_WARN_UNINITIALIZED_AUTOS = YES_AGGRESSIVE;
				GCC_WARN_UNUSED_FUNCTION = YES;
				GCC_WARN_UNUSED_VARIABLE = YES;
				IPHONEOS_DEPLOYMENT_TARGET = 12.2;
				MTL_ENABLE_DEBUG_INFO = NO;
				MTL_FAST_MATH = YES;
				SDKROOT = iphoneos;
				SWIFT_COMPILATION_MODE = wholemodule;
				SWIFT_OPTIMIZATION_LEVEL = "-O";
				VALIDATE_PRODUCT = YES;
			};
			name = Release;
		};
		171F7F1022D3BE430012210A /* Debug */ = {
			isa = XCBuildConfiguration;
			baseConfigurationReference = 7195809B4CA86434B866A8ED /* Pods-HeyGAMER.debug.xcconfig */;
			buildSettings = {
				ASSETCATALOG_COMPILER_APPICON_NAME = AppIcon;
				CODE_SIGN_STYLE = Automatic;
				DEVELOPMENT_TEAM = 39YHWYH93Z;
				INFOPLIST_FILE = "HeyGAMER Wireframe/Info.plist";
				LD_RUNPATH_SEARCH_PATHS = (
					"$(inherited)",
					"@executable_path/Frameworks",
				);
				PRODUCT_BUNDLE_IDENTIFIER = com.HaleyJones.HeyGAMER;
				PRODUCT_NAME = "$(TARGET_NAME)";
				SWIFT_VERSION = 5.0;
				TARGETED_DEVICE_FAMILY = "1,2";
			};
			name = Debug;
		};
		171F7F1122D3BE430012210A /* Release */ = {
			isa = XCBuildConfiguration;
			baseConfigurationReference = 362E1679E1F03EBED8735052 /* Pods-HeyGAMER.release.xcconfig */;
			buildSettings = {
				ASSETCATALOG_COMPILER_APPICON_NAME = AppIcon;
				CODE_SIGN_STYLE = Automatic;
				DEVELOPMENT_TEAM = 39YHWYH93Z;
				INFOPLIST_FILE = "HeyGAMER Wireframe/Info.plist";
				LD_RUNPATH_SEARCH_PATHS = (
					"$(inherited)",
					"@executable_path/Frameworks",
				);
				PRODUCT_BUNDLE_IDENTIFIER = com.HaleyJones.HeyGAMER;
				PRODUCT_NAME = "$(TARGET_NAME)";
				SWIFT_VERSION = 5.0;
				TARGETED_DEVICE_FAMILY = "1,2";
			};
			name = Release;
		};
/* End XCBuildConfiguration section */

/* Begin XCConfigurationList section */
		171F7EF522D3BE420012210A /* Build configuration list for PBXProject "HeyGAMER" */ = {
			isa = XCConfigurationList;
			buildConfigurations = (
				171F7F0D22D3BE430012210A /* Debug */,
				171F7F0E22D3BE430012210A /* Release */,
			);
			defaultConfigurationIsVisible = 0;
			defaultConfigurationName = Release;
		};
		171F7F0F22D3BE430012210A /* Build configuration list for PBXNativeTarget "HeyGAMER" */ = {
			isa = XCConfigurationList;
			buildConfigurations = (
				171F7F1022D3BE430012210A /* Debug */,
				171F7F1122D3BE430012210A /* Release */,
			);
			defaultConfigurationIsVisible = 0;
			defaultConfigurationName = Release;
		};
/* End XCConfigurationList section */

/* Begin XCVersionGroup section */
		171F7F0422D3BE420012210A /* HeyGAMER_Wireframe.xcdatamodeld */ = {
			isa = XCVersionGroup;
			children = (
				171F7F0522D3BE420012210A /* HeyGAMER_Wireframe.xcdatamodel */,
			);
			currentVersion = 171F7F0522D3BE420012210A /* HeyGAMER_Wireframe.xcdatamodel */;
			path = HeyGAMER_Wireframe.xcdatamodeld;
			sourceTree = "<group>";
			versionGroupType = wrapper.xcdatamodel;
		};
/* End XCVersionGroup section */
	};
	rootObject = 171F7EF222D3BE420012210A /* Project object */;
}
